
Microsoft Visual Studio Solution File, Format Version 12.00
# Visual Studio Version 16
VisualStudioVersion = 16.0.29209.62
MinimumVisualStudioVersion = 10.0.40219.1
Project("{9A19103F-16F7-4668-BE54-9A1E7A4F7556}") = "SimpleFactoryPattern", "SimpleFactoryPattern\SimpleFactoryPattern.csproj", "{072BC2AB-76EE-42BE-A8BA-A6DC8C87C71F}"
EndProject
Project("{9A19103F-16F7-4668-BE54-9A1E7A4F7556}") = "FactoryMethodPattern", "FactoryMethodPattern\FactoryMethodPattern.csproj", "{6F79234D-EE2F-4826-A863-4AEEA0D01910}"
EndProject
Project("{FAE04EC0-301F-11D3-BF4B-00C04F79EFBC}") = "AbstractFactoryMethod", "AbstractFactoryMethod\AbstractFactoryMethod.csproj", "{FEE48E83-8287-40F8-868F-64E41103DE32}"
EndProject
Global
	GlobalSection(SolutionConfigurationPlatforms) = preSolution
		Debug|Any CPU = Debug|Any CPU
		Release|Any CPU = Release|Any CPU
	EndGlobalSection
	GlobalSection(ProjectConfigurationPlatforms) = postSolution
		{072BC2AB-76EE-42BE-A8BA-A6DC8C87C71F}.Debug|Any CPU.ActiveCfg = Debug|Any CPU
		{072BC2AB-76EE-42BE-A8BA-A6DC8C87C71F}.Debug|Any CPU.Build.0 = Debug|Any CPU
		{072BC2AB-76EE-42BE-A8BA-A6DC8C87C71F}.Release|Any CPU.ActiveCfg = Release|Any CPU
		{072BC2AB-76EE-42BE-A8BA-A6DC8C87C71F}.Release|Any CPU.Build.0 = Release|Any CPU
		{6F79234D-EE2F-4826-A863-4AEEA0D01910}.Debug|Any CPU.ActiveCfg = Debug|Any CPU
		{6F79234D-EE2F-4826-A863-4AEEA0D01910}.Debug|Any CPU.Build.0 = Debug|Any CPU
		{6F79234D-EE2F-4826-A863-4AEEA0D01910}.Release|Any CPU.ActiveCfg = Release|Any CPU
		{6F79234D-EE2F-4826-A863-4AEEA0D01910}.Release|Any CPU.Build.0 = Release|Any CPU
		{FEE48E83-8287-40F8-868F-64E41103DE32}.Debug|Any CPU.ActiveCfg = Debug|Any CPU
		{FEE48E83-8287-40F8-868F-64E41103DE32}.Debug|Any CPU.Build.0 = Debug|Any CPU
		{FEE48E83-8287-40F8-868F-64E41103DE32}.Release|Any CPU.ActiveCfg = Release|Any CPU
		{FEE48E83-8287-40F8-868F-64E41103DE32}.Release|Any CPU.Build.0 = Release|Any CPU
	EndGlobalSection
	GlobalSection(SolutionProperties) = preSolution
		HideSolutionNode = FALSE
	EndGlobalSection
	GlobalSection(ExtensibilityGlobals) = postSolution
		SolutionGuid = {D13BC959-775E-4BDA-A758-DE26D8269089}
	EndGlobalSection
EndGlobal
