
Microsoft Visual Studio Solution File, Format Version 12.00
# Visual Studio Version 16
VisualStudioVersion = 16.0.29209.62
MinimumVisualStudioVersion = 10.0.40219.1
Project("{9A19103F-16F7-4668-BE54-9A1E7A4F7556}") = "SimpleFactoryPattern", "SimpleFactoryPattern\SimpleFactoryPattern.csproj", "{072BC2AB-76EE-42BE-A8BA-A6DC8C87C71F}"
EndProject
Project("{9A19103F-16F7-4668-BE54-9A1E7A4F7556}") = "FactoryMethodPattern", "FactoryMethodPattern\FactoryMethodPattern.csproj", "{6F79234D-EE2F-4826-A863-4AEEA0D01910}"
EndProject
Project("{9A19103F-16F7-4668-BE54-9A1E7A4F7556}") = "AbstractFactoryPattern", "AbstractFactoryPattern\AbstractFactoryPattern.csproj", "{A6B8CAB9-021A-481D-8168-AEE5312943CF}"
EndProject
Project("{9A19103F-16F7-4668-BE54-9A1E7A4F7556}") = "BuilderPattern", "BuilderPattern\BuilderPattern.csproj", "{8B07C398-9CD7-44CC-9B6A-B9ED112C813C}"
EndProject
Project("{9A19103F-16F7-4668-BE54-9A1E7A4F7556}") = "PrototypePattern", "PrototypePattern\PrototypePattern.csproj", "{FA09A025-5BB5-4B06-A404-5900BFB3B446}"
EndProject
Project("{9A19103F-16F7-4668-BE54-9A1E7A4F7556}") = "SingletonPattern", "SingletonPattern\SingletonPattern.csproj", "{B2D70D91-C344-4592-80D4-2A27BBDF1213}"
EndProject
Project("{FAE04EC0-301F-11D3-BF4B-00C04F79EFBC}") = "AdapterPattern", "AdapterPattern\AdapterPattern.csproj", "{1197076A-F7F2-4E9B-9908-7368DBA3EE6A}"
EndProject
Project("{FAE04EC0-301F-11D3-BF4B-00C04F79EFBC}") = "BridgePattern", "BridgePattern\BridgePattern.csproj", "{9B80EB3B-3030-4648-9908-FFAF6EE3AA08}"
EndProject
Global
	GlobalSection(SolutionConfigurationPlatforms) = preSolution
		Debug|Any CPU = Debug|Any CPU
		Release|Any CPU = Release|Any CPU
	EndGlobalSection
	GlobalSection(ProjectConfigurationPlatforms) = postSolution
		{072BC2AB-76EE-42BE-A8BA-A6DC8C87C71F}.Debug|Any CPU.ActiveCfg = Debug|Any CPU
		{072BC2AB-76EE-42BE-A8BA-A6DC8C87C71F}.Debug|Any CPU.Build.0 = Debug|Any CPU
		{072BC2AB-76EE-42BE-A8BA-A6DC8C87C71F}.Release|Any CPU.ActiveCfg = Release|Any CPU
		{072BC2AB-76EE-42BE-A8BA-A6DC8C87C71F}.Release|Any CPU.Build.0 = Release|Any CPU
		{6F79234D-EE2F-4826-A863-4AEEA0D01910}.Debug|Any CPU.ActiveCfg = Debug|Any CPU
		{6F79234D-EE2F-4826-A863-4AEEA0D01910}.Debug|Any CPU.Build.0 = Debug|Any CPU
		{6F79234D-EE2F-4826-A863-4AEEA0D01910}.Release|Any CPU.ActiveCfg = Release|Any CPU
		{6F79234D-EE2F-4826-A863-4AEEA0D01910}.Release|Any CPU.Build.0 = Release|Any CPU
		{A6B8CAB9-021A-481D-8168-AEE5312943CF}.Debug|Any CPU.ActiveCfg = Debug|Any CPU
		{A6B8CAB9-021A-481D-8168-AEE5312943CF}.Debug|Any CPU.Build.0 = Debug|Any CPU
		{A6B8CAB9-021A-481D-8168-AEE5312943CF}.Release|Any CPU.ActiveCfg = Release|Any CPU
		{A6B8CAB9-021A-481D-8168-AEE5312943CF}.Release|Any CPU.Build.0 = Release|Any CPU
		{8B07C398-9CD7-44CC-9B6A-B9ED112C813C}.Debug|Any CPU.ActiveCfg = Debug|Any CPU
		{8B07C398-9CD7-44CC-9B6A-B9ED112C813C}.Debug|Any CPU.Build.0 = Debug|Any CPU
		{8B07C398-9CD7-44CC-9B6A-B9ED112C813C}.Release|Any CPU.ActiveCfg = Release|Any CPU
		{8B07C398-9CD7-44CC-9B6A-B9ED112C813C}.Release|Any CPU.Build.0 = Release|Any CPU
		{FA09A025-5BB5-4B06-A404-5900BFB3B446}.Debug|Any CPU.ActiveCfg = Debug|Any CPU
		{FA09A025-5BB5-4B06-A404-5900BFB3B446}.Debug|Any CPU.Build.0 = Debug|Any CPU
		{FA09A025-5BB5-4B06-A404-5900BFB3B446}.Release|Any CPU.ActiveCfg = Release|Any CPU
		{FA09A025-5BB5-4B06-A404-5900BFB3B446}.Release|Any CPU.Build.0 = Release|Any CPU
		{B2D70D91-C344-4592-80D4-2A27BBDF1213}.Debug|Any CPU.ActiveCfg = Debug|Any CPU
		{B2D70D91-C344-4592-80D4-2A27BBDF1213}.Debug|Any CPU.Build.0 = Debug|Any CPU
		{B2D70D91-C344-4592-80D4-2A27BBDF1213}.Release|Any CPU.ActiveCfg = Release|Any CPU
		{B2D70D91-C344-4592-80D4-2A27BBDF1213}.Release|Any CPU.Build.0 = Release|Any CPU
		{1197076A-F7F2-4E9B-9908-7368DBA3EE6A}.Debug|Any CPU.ActiveCfg = Debug|Any CPU
		{1197076A-F7F2-4E9B-9908-7368DBA3EE6A}.Debug|Any CPU.Build.0 = Debug|Any CPU
		{1197076A-F7F2-4E9B-9908-7368DBA3EE6A}.Release|Any CPU.ActiveCfg = Release|Any CPU
		{1197076A-F7F2-4E9B-9908-7368DBA3EE6A}.Release|Any CPU.Build.0 = Release|Any CPU
		{9B80EB3B-3030-4648-9908-FFAF6EE3AA08}.Debug|Any CPU.ActiveCfg = Debug|Any CPU
		{9B80EB3B-3030-4648-9908-FFAF6EE3AA08}.Debug|Any CPU.Build.0 = Debug|Any CPU
		{9B80EB3B-3030-4648-9908-FFAF6EE3AA08}.Release|Any CPU.ActiveCfg = Release|Any CPU
		{9B80EB3B-3030-4648-9908-FFAF6EE3AA08}.Release|Any CPU.Build.0 = Release|Any CPU
	EndGlobalSection
	GlobalSection(SolutionProperties) = preSolution
		HideSolutionNode = FALSE
	EndGlobalSection
	GlobalSection(ExtensibilityGlobals) = postSolution
		SolutionGuid = {D13BC959-775E-4BDA-A758-DE26D8269089}
	EndGlobalSection
EndGlobal
